
Microsoft Visual Studio Solution File, Format Version 12.00
# Visual Studio 15
VisualStudioVersion = 15.0.34526.175
MinimumVisualStudioVersion = 10.0.40219.1
Project("{FAE04EC0-301F-11D3-BF4B-00C04F79EFBC}") = "WindowsFormsApp1", "WindowsFormsApp1\WindowsFormsApp1.csproj", "{C118872F-5242-454C-AE46-23B3D982A653}"
EndProject
Global
	GlobalSection(SolutionConfigurationPlatforms) = preSolution
		Debug|Any CPU = Debug|Any CPU
		Release|Any CPU = Release|Any CPU
	EndGlobalSection
	GlobalSection(ProjectConfigurationPlatforms) = postSolution
		{C118872F-5242-454C-AE46-23B3D982A653}.Debug|Any CPU.ActiveCfg = Debug|Any CPU
		{C118872F-5242-454C-AE46-23B3D982A653}.Debug|Any CPU.Build.0 = Debug|Any CPU
		{C118872F-5242-454C-AE46-23B3D982A653}.Release|Any CPU.ActiveCfg = Release|Any CPU
		{C118872F-5242-454C-AE46-23B3D982A653}.Release|Any CPU.Build.0 = Release|Any CPU
	EndGlobalSection
	GlobalSection(SolutionProperties) = preSolution
		HideSolutionNode = FALSE
	EndGlobalSection
	GlobalSection(ExtensibilityGlobals) = postSolution
		SolutionGuid = {FA12CB35-8778-45DD-BE8D-E0D2BBF00731}
	EndGlobalSection
EndGlobal
